// !$*UTF8*$!
{
	archiveVersion = 1;
	classes = {
	};
	objectVersion = 46;
	objects = {

/* Begin PBXBuildFile section */
		9CA562231959316C00149793 /* Foundation.framework in Frameworks */ = {isa = PBXBuildFile; fileRef = 9CA562221959316C00149793 /* Foundation.framework */; };
		9CA562251959316C00149793 /* CoreGraphics.framework in Frameworks */ = {isa = PBXBuildFile; fileRef = 9CA562241959316C00149793 /* CoreGraphics.framework */; };
		9CA562271959316C00149793 /* UIKit.framework in Frameworks */ = {isa = PBXBuildFile; fileRef = 9CA562261959316C00149793 /* UIKit.framework */; };
		9CA5622D1959316C00149793 /* InfoPlist.strings in Resources */ = {isa = PBXBuildFile; fileRef = 9CA5622B1959316C00149793 /* InfoPlist.strings */; };
		9CA5622F1959316C00149793 /* main.m in Sources */ = {isa = PBXBuildFile; fileRef = 9CA5622E1959316C00149793 /* main.m */; };
		9CA562331959316C00149793 /* AppDelegate.m in Sources */ = {isa = PBXBuildFile; fileRef = 9CA562321959316C00149793 /* AppDelegate.m */; };
		9CA562361959316C00149793 /* Main_iPhone.storyboard in Resources */ = {isa = PBXBuildFile; fileRef = 9CA562341959316C00149793 /* Main_iPhone.storyboard */; };
		9CA562391959316C00149793 /* Main_iPad.storyboard in Resources */ = {isa = PBXBuildFile; fileRef = 9CA562371959316C00149793 /* Main_iPad.storyboard */; };
		9CA5623C1959316C00149793 /* ViewController.m in Sources */ = {isa = PBXBuildFile; fileRef = 9CA5623B1959316C00149793 /* ViewController.m */; };
		9CA5623E1959316C00149793 /* Images.xcassets in Resources */ = {isa = PBXBuildFile; fileRef = 9CA5623D1959316C00149793 /* Images.xcassets */; };
		9CA562451959316C00149793 /* XCTest.framework in Frameworks */ = {isa = PBXBuildFile; fileRef = 9CA562441959316C00149793 /* XCTest.framework */; };
		9CA562461959316C00149793 /* Foundation.framework in Frameworks */ = {isa = PBXBuildFile; fileRef = 9CA562221959316C00149793 /* Foundation.framework */; };
		9CA562471959316C00149793 /* UIKit.framework in Frameworks */ = {isa = PBXBuildFile; fileRef = 9CA562261959316C00149793 /* UIKit.framework */; };
		9CA5624F1959316C00149793 /* InfoPlist.strings in Resources */ = {isa = PBXBuildFile; fileRef = 9CA5624D1959316C00149793 /* InfoPlist.strings */; };
		9CA562511959316C00149793 /* summaryTests.m in Sources */ = {isa = PBXBuildFile; fileRef = 9CA562501959316C00149793 /* summaryTests.m */; };
/* End PBXBuildFile section */

/* Begin PBXContainerItemProxy section */
		9CA562481959316C00149793 /* PBXContainerItemProxy */ = {
			isa = PBXContainerItemProxy;
			containerPortal = 9CA562171959316C00149793 /* Project object */;
			proxyType = 1;
			remoteGlobalIDString = 9CA5621E1959316C00149793;
			remoteInfo = summary;
		};
/* End PBXContainerItemProxy section */

/* Begin PBXFileReference section */
		9CA5621F1959316C00149793 /* summary.app */ = {isa = PBXFileReference; explicitFileType = wrapper.application; includeInIndex = 0; path = summary.app; sourceTree = BUILT_PRODUCTS_DIR; };
		9CA562221959316C00149793 /* Foundation.framework */ = {isa = PBXFileReference; lastKnownFileType = wrapper.framework; name = Foundation.framework; path = System/Library/Frameworks/Foundation.framework; sourceTree = SDKROOT; };
		9CA562241959316C00149793 /* CoreGraphics.framework */ = {isa = PBXFileReference; lastKnownFileType = wrapper.framework; name = CoreGraphics.framework; path = System/Library/Frameworks/CoreGraphics.framework; sourceTree = SDKROOT; };
		9CA562261959316C00149793 /* UIKit.framework */ = {isa = PBXFileReference; lastKnownFileType = wrapper.framework; name = UIKit.framework; path = System/Library/Frameworks/UIKit.framework; sourceTree = SDKROOT; };
		9CA5622A1959316C00149793 /* summary-Info.plist */ = {isa = PBXFileReference; lastKnownFileType = text.plist.xml; path = "summary-Info.plist"; sourceTree = "<group>"; };
		9CA5622C1959316C00149793 /* en */ = {isa = PBXFileReference; lastKnownFileType = text.plist.strings; name = en; path = en.lproj/InfoPlist.strings; sourceTree = "<group>"; };
		9CA5622E1959316C00149793 /* main.m */ = {isa = PBXFileReference; lastKnownFileType = sourcecode.c.objc; path = main.m; sourceTree = "<group>"; };
		9CA562301959316C00149793 /* summary-Prefix.pch */ = {isa = PBXFileReference; lastKnownFileType = sourcecode.c.h; path = "summary-Prefix.pch"; sourceTree = "<group>"; };
		9CA562311959316C00149793 /* AppDelegate.h */ = {isa = PBXFileReference; lastKnownFileType = sourcecode.c.h; path = AppDelegate.h; sourceTree = "<group>"; };
		9CA562321959316C00149793 /* AppDelegate.m */ = {isa = PBXFileReference; lastKnownFileType = sourcecode.c.objc; path = AppDelegate.m; sourceTree = "<group>"; };
		9CA562351959316C00149793 /* Base */ = {isa = PBXFileReference; lastKnownFileType = file.storyboard; name = Base; path = Base.lproj/Main_iPhone.storyboard; sourceTree = "<group>"; };
		9CA562381959316C00149793 /* Base */ = {isa = PBXFileReference; lastKnownFileType = file.storyboard; name = Base; path = Base.lproj/Main_iPad.storyboard; sourceTree = "<group>"; };
		9CA5623A1959316C00149793 /* ViewController.h */ = {isa = PBXFileReference; lastKnownFileType = sourcecode.c.h; path = ViewController.h; sourceTree = "<group>"; };
		9CA5623B1959316C00149793 /* ViewController.m */ = {isa = PBXFileReference; lastKnownFileType = sourcecode.c.objc; path = ViewController.m; sourceTree = "<group>"; };
		9CA5623D1959316C00149793 /* Images.xcassets */ = {isa = PBXFileReference; lastKnownFileType = folder.assetcatalog; path = Images.xcassets; sourceTree = "<group>"; };
		9CA562431959316C00149793 /* summaryTests.xctest */ = {isa = PBXFileReference; explicitFileType = wrapper.cfbundle; includeInIndex = 0; path = summaryTests.xctest; sourceTree = BUILT_PRODUCTS_DIR; };
		9CA562441959316C00149793 /* XCTest.framework */ = {isa = PBXFileReference; lastKnownFileType = wrapper.framework; name = XCTest.framework; path = Library/Frameworks/XCTest.framework; sourceTree = DEVELOPER_DIR; };
		9CA5624C1959316C00149793 /* summaryTests-Info.plist */ = {isa = PBXFileReference; lastKnownFileType = text.plist.xml; path = "summaryTests-Info.plist"; sourceTree = "<group>"; };
		9CA5624E1959316C00149793 /* en */ = {isa = PBXFileReference; lastKnownFileType = text.plist.strings; name = en; path = en.lproj/InfoPlist.strings; sourceTree = "<group>"; };
		9CA562501959316C00149793 /* summaryTests.m */ = {isa = PBXFileReference; lastKnownFileType = sourcecode.c.objc; path = summaryTests.m; sourceTree = "<group>"; };
/* End PBXFileReference section */

/* Begin PBXFrameworksBuildPhase section */
		9CA5621C1959316C00149793 /* Frameworks */ = {
			isa = PBXFrameworksBuildPhase;
			buildActionMask = 2147483647;
			files = (
				9CA562251959316C00149793 /* CoreGraphics.framework in Frameworks */,
				9CA562271959316C00149793 /* UIKit.framework in Frameworks */,
				9CA562231959316C00149793 /* Foundation.framework in Frameworks */,
			);
			runOnlyForDeploymentPostprocessing = 0;
		};
		9CA562401959316C00149793 /* Frameworks */ = {
			isa = PBXFrameworksBuildPhase;
			buildActionMask = 2147483647;
			files = (
				9CA562451959316C00149793 /* XCTest.framework in Frameworks */,
				9CA562471959316C00149793 /* UIKit.framework in Frameworks */,
				9CA562461959316C00149793 /* Foundation.framework in Frameworks */,
			);
			runOnlyForDeploymentPostprocessing = 0;
		};
/* End PBXFrameworksBuildPhase section */

/* Begin PBXGroup section */
		9CA562161959316C00149793 = {
			isa = PBXGroup;
			children = (
				9CA562281959316C00149793 /* summary */,
				9CA5624A1959316C00149793 /* summaryTests */,
				9CA562211959316C00149793 /* Frameworks */,
				9CA562201959316C00149793 /* Products */,
			);
			sourceTree = "<group>";
		};
		9CA562201959316C00149793 /* Products */ = {
			isa = PBXGroup;
			children = (
				9CA5621F1959316C00149793 /* summary.app */,
				9CA562431959316C00149793 /* summaryTests.xctest */,
			);
			name = Products;
			sourceTree = "<group>";
		};
		9CA562211959316C00149793 /* Frameworks */ = {
			isa = PBXGroup;
			children = (
				9CA562221959316C00149793 /* Foundation.framework */,
				9CA562241959316C00149793 /* CoreGraphics.framework */,
				9CA562261959316C00149793 /* UIKit.framework */,
				9CA562441959316C00149793 /* XCTest.framework */,
			);
			name = Frameworks;
			sourceTree = "<group>";
		};
		9CA562281959316C00149793 /* summary */ = {
			isa = PBXGroup;
			children = (
				9CA562311959316C00149793 /* AppDelegate.h */,
				9CA562321959316C00149793 /* AppDelegate.m */,
				9CA562341959316C00149793 /* Main_iPhone.storyboard */,
				9CA562371959316C00149793 /* Main_iPad.storyboard */,
				9CA5623A1959316C00149793 /* ViewController.h */,
				9CA5623B1959316C00149793 /* ViewController.m */,
				9CA5623D1959316C00149793 /* Images.xcassets */,
				9CA562291959316C00149793 /* Supporting Files */,
			);
			path = summary;
			sourceTree = "<group>";
		};
		9CA562291959316C00149793 /* Supporting Files */ = {
			isa = PBXGroup;
			children = (
				9CA5622A1959316C00149793 /* summary-Info.plist */,
				9CA5622B1959316C00149793 /* InfoPlist.strings */,
				9CA5622E1959316C00149793 /* main.m */,
				9CA562301959316C00149793 /* summary-Prefix.pch */,
			);
			name = "Supporting Files";
			sourceTree = "<group>";
		};
		9CA5624A1959316C00149793 /* summaryTests */ = {
			isa = PBXGroup;
			children = (
				9CA562501959316C00149793 /* summaryTests.m */,
				9CA5624B1959316C00149793 /* Supporting Files */,
			);
			path = summaryTests;
			sourceTree = "<group>";
		};
		9CA5624B1959316C00149793 /* Supporting Files */ = {
			isa = PBXGroup;
			children = (
				9CA5624C1959316C00149793 /* summaryTests-Info.plist */,
				9CA5624D1959316C00149793 /* InfoPlist.strings */,
			);
			name = "Supporting Files";
			sourceTree = "<group>";
		};
/* End PBXGroup section */

/* Begin PBXNativeTarget section */
		9CA5621E1959316C00149793 /* summary */ = {
			isa = PBXNativeTarget;
			buildConfigurationList = 9CA562541959316C00149793 /* Build configuration list for PBXNativeTarget "summary" */;
			buildPhases = (
				9CA5621B1959316C00149793 /* Sources */,
				9CA5621C1959316C00149793 /* Frameworks */,
				9CA5621D1959316C00149793 /* Resources */,
			);
			buildRules = (
			);
			dependencies = (
			);
			name = summary;
			productName = summary;
			productReference = 9CA5621F1959316C00149793 /* summary.app */;
			productType = "com.apple.product-type.application";
		};
		9CA562421959316C00149793 /* summaryTests */ = {
			isa = PBXNativeTarget;
			buildConfigurationList = 9CA562571959316C00149793 /* Build configuration list for PBXNativeTarget "summaryTests" */;
			buildPhases = (
				9CA5623F1959316C00149793 /* Sources */,
				9CA562401959316C00149793 /* Frameworks */,
				9CA562411959316C00149793 /* Resources */,
			);
			buildRules = (
			);
			dependencies = (
				9CA562491959316C00149793 /* PBXTargetDependency */,
			);
			name = summaryTests;
			productName = summaryTests;
			productReference = 9CA562431959316C00149793 /* summaryTests.xctest */;
			productType = "com.apple.product-type.bundle.unit-test";
		};
/* End PBXNativeTarget section */

/* Begin PBXProject section */
		9CA562171959316C00149793 /* Project object */ = {
			isa = PBXProject;
			attributes = {
				LastUpgradeCheck = 0510;
				ORGANIZATIONNAME = FutureUniversityHakodate;
				TargetAttributes = {
					9CA562421959316C00149793 = {
						TestTargetID = 9CA5621E1959316C00149793;
					};
				};
			};
			buildConfigurationList = 9CA5621A1959316C00149793 /* Build configuration list for PBXProject "summary" */;
			compatibilityVersion = "Xcode 3.2";
			developmentRegion = English;
			hasScannedForEncodings = 0;
			knownRegions = (
				en,
				Base,
			);
			mainGroup = 9CA562161959316C00149793;
			productRefGroup = 9CA562201959316C00149793 /* Products */;
			projectDirPath = "";
			projectRoot = "";
			targets = (
				9CA5621E1959316C00149793 /* summary */,
				9CA562421959316C00149793 /* summaryTests */,
			);
		};
/* End PBXProject section */

/* Begin PBXResourcesBuildPhase section */
		9CA5621D1959316C00149793 /* Resources */ = {
			isa = PBXResourcesBuildPhase;
			buildActionMask = 2147483647;
			files = (
				9CA562391959316C00149793 /* Main_iPad.storyboard in Resources */,
				9CA5623E1959316C00149793 /* Images.xcassets in Resources */,
				9CA562361959316C00149793 /* Main_iPhone.storyboard in Resources */,
				9CA5622D1959316C00149793 /* InfoPlist.strings in Resources */,
			);
			runOnlyForDeploymentPostprocessing = 0;
		};
		9CA562411959316C00149793 /* Resources */ = {
			isa = PBXResourcesBuildPhase;
			buildActionMask = 2147483647;
			files = (
				9CA5624F1959316C00149793 /* InfoPlist.strings in Resources */,
			);
			runOnlyForDeploymentPostprocessing = 0;
		};
/* End PBXResourcesBuildPhase section */

/* Begin PBXSourcesBuildPhase section */
		9CA5621B1959316C00149793 /* Sources */ = {
			isa = PBXSourcesBuildPhase;
			buildActionMask = 2147483647;
			files = (
				9CA5623C1959316C00149793 /* ViewController.m in Sources */,
				9CA562331959316C00149793 /* AppDelegate.m in Sources */,
				9CA5622F1959316C00149793 /* main.m in Sources */,
			);
			runOnlyForDeploymentPostprocessing = 0;
		};
		9CA5623F1959316C00149793 /* Sources */ = {
			isa = PBXSourcesBuildPhase;
			buildActionMask = 2147483647;
			files = (
				9CA562511959316C00149793 /* summaryTests.m in Sources */,
			);
			runOnlyForDeploymentPostprocessing = 0;
		};
/* End PBXSourcesBuildPhase section */

/* Begin PBXTargetDependency section */
		9CA562491959316C00149793 /* PBXTargetDependency */ = {
			isa = PBXTargetDependency;
			target = 9CA5621E1959316C00149793 /* summary */;
			targetProxy = 9CA562481959316C00149793 /* PBXContainerItemProxy */;
		};
/* End PBXTargetDependency section */

/* Begin PBXVariantGroup section */
		9CA5622B1959316C00149793 /* InfoPlist.strings */ = {
			isa = PBXVariantGroup;
			children = (
				9CA5622C1959316C00149793 /* en */,
			);
			name = InfoPlist.strings;
			sourceTree = "<group>";
		};
		9CA562341959316C00149793 /* Main_iPhone.storyboard */ = {
			isa = PBXVariantGroup;
			children = (
				9CA562351959316C00149793 /* Base */,
			);
			name = Main_iPhone.storyboard;
			sourceTree = "<group>";
		};
		9CA562371959316C00149793 /* Main_iPad.storyboard */ = {
			isa = PBXVariantGroup;
			children = (
				9CA562381959316C00149793 /* Base */,
			);
			name = Main_iPad.storyboard;
			sourceTree = "<group>";
		};
		9CA5624D1959316C00149793 /* InfoPlist.strings */ = {
			isa = PBXVariantGroup;
			children = (
				9CA5624E1959316C00149793 /* en */,
			);
			name = InfoPlist.strings;
			sourceTree = "<group>";
		};
/* End PBXVariantGroup section */

/* Begin XCBuildConfiguration section */
		9CA562521959316C00149793 /* Debug */ = {
			isa = XCBuildConfiguration;
			buildSettings = {
				ALWAYS_SEARCH_USER_PATHS = NO;
				CLANG_CXX_LANGUAGE_STANDARD = "gnu++0x";
				CLANG_CXX_LIBRARY = "libc++";
				CLANG_ENABLE_MODULES = YES;
				CLANG_ENABLE_OBJC_ARC = YES;
				CLANG_WARN_BOOL_CONVERSION = YES;
				CLANG_WARN_CONSTANT_CONVERSION = YES;
				CLANG_WARN_DIRECT_OBJC_ISA_USAGE = YES_ERROR;
				CLANG_WARN_EMPTY_BODY = YES;
				CLANG_WARN_ENUM_CONVERSION = YES;
				CLANG_WARN_INT_CONVERSION = YES;
				CLANG_WARN_OBJC_ROOT_CLASS = YES_ERROR;
				CLANG_WARN__DUPLICATE_METHOD_MATCH = YES;
				"CODE_SIGN_IDENTITY[sdk=iphoneos*]" = "iPhone Developer";
				COPY_PHASE_STRIP = NO;
				GCC_C_LANGUAGE_STANDARD = gnu99;
				GCC_DYNAMIC_NO_PIC = NO;
				GCC_OPTIMIZATION_LEVEL = 0;
				GCC_PREPROCESSOR_DEFINITIONS = (
					"DEBUG=1",
					"$(inherited)",
				);
				GCC_SYMBOLS_PRIVATE_EXTERN = NO;
				GCC_WARN_64_TO_32_BIT_CONVERSION = YES;
				GCC_WARN_ABOUT_RETURN_TYPE = YES_ERROR;
				GCC_WARN_UNDECLARED_SELECTOR = YES;
				GCC_WARN_UNINITIALIZED_AUTOS = YES_AGGRESSIVE;
				GCC_WARN_UNUSED_FUNCTION = YES;
				GCC_WARN_UNUSED_VARIABLE = YES;
				IPHONEOS_DEPLOYMENT_TARGET = 7.1;
				ONLY_ACTIVE_ARCH = YES;
				SDKROOT = iphoneos;
				TARGETED_DEVICE_FAMILY = "1,2";
			};
			name = Debug;
		};
		9CA562531959316C00149793 /* Release */ = {
			isa = XCBuildConfiguration;
			buildSettings = {
				ALWAYS_SEARCH_USER_PATHS = NO;
				CLANG_CXX_LANGUAGE_STANDARD = "gnu++0x";
				CLANG_CXX_LIBRARY = "libc++";
				CLANG_ENABLE_MODULES = YES;
				CLANG_ENABLE_OBJC_ARC = YES;
				CLANG_WARN_BOOL_CONVERSION = YES;
				CLANG_WARN_CONSTANT_CONVERSION = YES;
				CLANG_WARN_DIRECT_OBJC_ISA_USAGE = YES_ERROR;
				CLANG_WARN_EMPTY_BODY = YES;
				CLANG_WARN_ENUM_CONVERSION = YES;
				CLANG_WARN_INT_CONVERSION = YES;
				CLANG_WARN_OBJC_ROOT_CLASS = YES_ERROR;
				CLANG_WARN__DUPLICATE_METHOD_MATCH = YES;
				"CODE_SIGN_IDENTITY[sdk=iphoneos*]" = "iPhone Developer";
				COPY_PHASE_STRIP = YES;
				ENABLE_NS_ASSERTIONS = NO;
				GCC_C_LANGUAGE_STANDARD = gnu99;
				GCC_WARN_64_TO_32_BIT_CONVERSION = YES;
				GCC_WARN_ABOUT_RETURN_TYPE = YES_ERROR;
				GCC_WARN_UNDECLARED_SELECTOR = YES;
				GCC_WARN_UNINITIALIZED_AUTOS = YES_AGGRESSIVE;
				GCC_WARN_UNUSED_FUNCTION = YES;
				GCC_WARN_UNUSED_VARIABLE = YES;
				IPHONEOS_DEPLOYMENT_TARGET = 7.1;
				SDKROOT = iphoneos;
				TARGETED_DEVICE_FAMILY = "1,2";
				VALIDATE_PRODUCT = YES;
			};
			name = Release;
		};
		9CA562551959316C00149793 /* Debug */ = {
			isa = XCBuildConfiguration;
			buildSettings = {
				ASSETCATALOG_COMPILER_APPICON_NAME = AppIcon;
				ASSETCATALOG_COMPILER_LAUNCHIMAGE_NAME = LaunchImage;
				GCC_PRECOMPILE_PREFIX_HEADER = YES;
				GCC_PREFIX_HEADER = "summary/summary-Prefix.pch";
				INFOPLIST_FILE = "summary/summary-Info.plist";
				PRODUCT_NAME = "$(TARGET_NAME)";
				WRAPPER_EXTENSION = app;
			};
			name = Debug;
		};
		9CA562561959316C00149793 /* Release */ = {
			isa = XCBuildConfiguration;
			buildSettings = {
				ASSETCATALOG_COMPILER_APPICON_NAME = AppIcon;
				ASSETCATALOG_COMPILER_LAUNCHIMAGE_NAME = LaunchImage;
				GCC_PRECOMPILE_PREFIX_HEADER = YES;
				GCC_PREFIX_HEADER = "summary/summary-Prefix.pch";
				INFOPLIST_FILE = "summary/summary-Info.plist";
				PRODUCT_NAME = "$(TARGET_NAME)";
				WRAPPER_EXTENSION = app;
			};
			name = Release;
		};
		9CA562581959316C00149793 /* Debug */ = {
			isa = XCBuildConfiguration;
			buildSettings = {
				BUNDLE_LOADER = "$(BUILT_PRODUCTS_DIR)/summary.app/summary";
				FRAMEWORK_SEARCH_PATHS = (
					"$(SDKROOT)/Developer/Library/Frameworks",
					"$(inherited)",
					"$(DEVELOPER_FRAMEWORKS_DIR)",
				);
				GCC_PRECOMPILE_PREFIX_HEADER = YES;
				GCC_PREFIX_HEADER = "summary/summary-Prefix.pch";
				GCC_PREPROCESSOR_DEFINITIONS = (
					"DEBUG=1",
					"$(inherited)",
				);
				INFOPLIST_FILE = "summaryTests/summaryTests-Info.plist";
				PRODUCT_NAME = "$(TARGET_NAME)";
				TEST_HOST = "$(BUNDLE_LOADER)";
				WRAPPER_EXTENSION = xctest;
			};
			name = Debug;
		};
		9CA562591959316C00149793 /* Release */ = {
			isa = XCBuildConfiguration;
			buildSettings = {
				BUNDLE_LOADER = "$(BUILT_PRODUCTS_DIR)/summary.app/summary";
				FRAMEWORK_SEARCH_PATHS = (
					"$(SDKROOT)/Developer/Library/Frameworks",
					"$(inherited)",
					"$(DEVELOPER_FRAMEWORKS_DIR)",
				);
				GCC_PRECOMPILE_PREFIX_HEADER = YES;
				GCC_PREFIX_HEADER = "summary/summary-Prefix.pch";
				INFOPLIST_FILE = "summaryTests/summaryTests-Info.plist";
				PRODUCT_NAME = "$(TARGET_NAME)";
				TEST_HOST = "$(BUNDLE_LOADER)";
				WRAPPER_EXTENSION = xctest;
			};
			name = Release;
		};
/* End XCBuildConfiguration section */

/* Begin XCConfigurationList section */
		9CA5621A1959316C00149793 /* Build configuration list for PBXProject "summary" */ = {
			isa = XCConfigurationList;
			buildConfigurations = (
				9CA562521959316C00149793 /* Debug */,
				9CA562531959316C00149793 /* Release */,
			);
			defaultConfigurationIsVisible = 0;
			defaultConfigurationName = Release;
		};
		9CA562541959316C00149793 /* Build configuration list for PBXNativeTarget "summary" */ = {
			isa = XCConfigurationList;
			buildConfigurations = (
				9CA562551959316C00149793 /* Debug */,
				9CA562561959316C00149793 /* Release */,
			);
			defaultConfigurationIsVisible = 0;
		};
		9CA562571959316C00149793 /* Build configuration list for PBXNativeTarget "summaryTests" */ = {
			isa = XCConfigurationList;
			buildConfigurations = (
				9CA562581959316C00149793 /* Debug */,
				9CA562591959316C00149793 /* Release */,
			);
			defaultConfigurationIsVisible = 0;
		};
/* End XCConfigurationList section */
	};
	rootObject = 9CA562171959316C00149793 /* Project object */;
}
