// !$*UTF8*$!
{
	archiveVersion = 1;
	classes = {
	};
	objectVersion = 46;
	objects = {

/* Begin PBXBuildFile section */
		9C5661C2193C566000D9B9E9 /* Foundation.framework in Frameworks */ = {isa = PBXBuildFile; fileRef = 9C5661C1193C566000D9B9E9 /* Foundation.framework */; };
		9C5661C4193C566000D9B9E9 /* CoreGraphics.framework in Frameworks */ = {isa = PBXBuildFile; fileRef = 9C5661C3193C566000D9B9E9 /* CoreGraphics.framework */; };
		9C5661C6193C566000D9B9E9 /* UIKit.framework in Frameworks */ = {isa = PBXBuildFile; fileRef = 9C5661C5193C566000D9B9E9 /* UIKit.framework */; };
		9C5661CC193C566000D9B9E9 /* InfoPlist.strings in Resources */ = {isa = PBXBuildFile; fileRef = 9C5661CA193C566000D9B9E9 /* InfoPlist.strings */; };
		9C5661CE193C566000D9B9E9 /* main.m in Sources */ = {isa = PBXBuildFile; fileRef = 9C5661CD193C566000D9B9E9 /* main.m */; };
		9C5661D2193C566000D9B9E9 /* AppDelegate.m in Sources */ = {isa = PBXBuildFile; fileRef = 9C5661D1193C566000D9B9E9 /* AppDelegate.m */; };
		9C5661D5193C566000D9B9E9 /* Main_iPhone.storyboard in Resources */ = {isa = PBXBuildFile; fileRef = 9C5661D3193C566000D9B9E9 /* Main_iPhone.storyboard */; };
		9C5661D8193C566000D9B9E9 /* Main_iPad.storyboard in Resources */ = {isa = PBXBuildFile; fileRef = 9C5661D6193C566000D9B9E9 /* Main_iPad.storyboard */; };
		9C5661DB193C566000D9B9E9 /* ViewController.m in Sources */ = {isa = PBXBuildFile; fileRef = 9C5661DA193C566000D9B9E9 /* ViewController.m */; };
		9C5661DD193C566000D9B9E9 /* Images.xcassets in Resources */ = {isa = PBXBuildFile; fileRef = 9C5661DC193C566000D9B9E9 /* Images.xcassets */; };
		9C5661E4193C566000D9B9E9 /* XCTest.framework in Frameworks */ = {isa = PBXBuildFile; fileRef = 9C5661E3193C566000D9B9E9 /* XCTest.framework */; };
		9C5661E5193C566000D9B9E9 /* Foundation.framework in Frameworks */ = {isa = PBXBuildFile; fileRef = 9C5661C1193C566000D9B9E9 /* Foundation.framework */; };
		9C5661E6193C566000D9B9E9 /* UIKit.framework in Frameworks */ = {isa = PBXBuildFile; fileRef = 9C5661C5193C566000D9B9E9 /* UIKit.framework */; };
		9C5661EE193C566000D9B9E9 /* InfoPlist.strings in Resources */ = {isa = PBXBuildFile; fileRef = 9C5661EC193C566000D9B9E9 /* InfoPlist.strings */; };
		9C5661F0193C566000D9B9E9 /* ShipAppTests.m in Sources */ = {isa = PBXBuildFile; fileRef = 9C5661EF193C566000D9B9E9 /* ShipAppTests.m */; };
		9C5661FA193C56F700D9B9E9 /* MapKit.framework in Frameworks */ = {isa = PBXBuildFile; fileRef = 9C5661F9193C56F700D9B9E9 /* MapKit.framework */; };
		9C6961A01949718D00D9FA25 /* SearchViewController.m in Sources */ = {isa = PBXBuildFile; fileRef = 9C69619F1949718D00D9FA25 /* SearchViewController.m */; };
		9C6961A9194ABF4700D9FA25 /* MenuViewController.m in Sources */ = {isa = PBXBuildFile; fileRef = 9C6961A8194ABF4700D9FA25 /* MenuViewController.m */; };
		9C6961AC194B0AE900D9FA25 /* ship_icon_000.png in Resources */ = {isa = PBXBuildFile; fileRef = 9C6961AA194B0AE900D9FA25 /* ship_icon_000.png */; };
		9C6961AD194B0AE900D9FA25 /* ship_icon_152.png in Resources */ = {isa = PBXBuildFile; fileRef = 9C6961AB194B0AE900D9FA25 /* ship_icon_152.png */; };
		9C75099E19A4FF5300BFBA3B /* MeshChart.txt in Resources */ = {isa = PBXBuildFile; fileRef = 9C75099D19A4FF5300BFBA3B /* MeshChart.txt */; };
		9C7509A019A5004900BFBA3B /* MarineChart.txt in Resources */ = {isa = PBXBuildFile; fileRef = 9C75099F19A5004900BFBA3B /* MarineChart.txt */; };
		9C7509A219A5036800BFBA3B /* FishingNets.txt in Resources */ = {isa = PBXBuildFile; fileRef = 9C7509A119A5036800BFBA3B /* FishingNets.txt */; };
		9C7509A419A5038000BFBA3B /* boat.txt in Resources */ = {isa = PBXBuildFile; fileRef = 9C7509A319A5038000BFBA3B /* boat.txt */; };
		9CA5621519582E4700149793 /* ShipSummaryViewController.m in Sources */ = {isa = PBXBuildFile; fileRef = 9CA5621419582E4700149793 /* ShipSummaryViewController.m */; };
		9CA7EDB91957E9A500B81CA6 /* ships_json.txt in Resources */ = {isa = PBXBuildFile; fileRef = 9CA7EDB81957E9A500B81CA6 /* ships_json.txt */; };
		9CA7EDBB1957EB9600B81CA6 /* sample_json.txt in Resources */ = {isa = PBXBuildFile; fileRef = 9CA7EDBA1957EB9600B81CA6 /* sample_json.txt */; };
		9CA7EDBD195801FB00B81CA6 /* shipss_json.txt in Resources */ = {isa = PBXBuildFile; fileRef = 9CA7EDBC195801FB00B81CA6 /* shipss_json.txt */; };
/* End PBXBuildFile section */

/* Begin PBXContainerItemProxy section */
		9C5661E7193C566000D9B9E9 /* PBXContainerItemProxy */ = {
			isa = PBXContainerItemProxy;
			containerPortal = 9C5661B6193C566000D9B9E9 /* Project object */;
			proxyType = 1;
			remoteGlobalIDString = 9C5661BD193C566000D9B9E9;
			remoteInfo = ShipApp;
		};
/* End PBXContainerItemProxy section */

/* Begin PBXFileReference section */
		9C5661BE193C566000D9B9E9 /* ShipApp.app */ = {isa = PBXFileReference; explicitFileType = wrapper.application; includeInIndex = 0; path = ShipApp.app; sourceTree = BUILT_PRODUCTS_DIR; };
		9C5661C1193C566000D9B9E9 /* Foundation.framework */ = {isa = PBXFileReference; lastKnownFileType = wrapper.framework; name = Foundation.framework; path = System/Library/Frameworks/Foundation.framework; sourceTree = SDKROOT; };
		9C5661C3193C566000D9B9E9 /* CoreGraphics.framework */ = {isa = PBXFileReference; lastKnownFileType = wrapper.framework; name = CoreGraphics.framework; path = System/Library/Frameworks/CoreGraphics.framework; sourceTree = SDKROOT; };
		9C5661C5193C566000D9B9E9 /* UIKit.framework */ = {isa = PBXFileReference; lastKnownFileType = wrapper.framework; name = UIKit.framework; path = System/Library/Frameworks/UIKit.framework; sourceTree = SDKROOT; };
		9C5661C9193C566000D9B9E9 /* ShipApp-Info.plist */ = {isa = PBXFileReference; lastKnownFileType = text.plist.xml; path = "ShipApp-Info.plist"; sourceTree = "<group>"; };
		9C5661CB193C566000D9B9E9 /* en */ = {isa = PBXFileReference; lastKnownFileType = text.plist.strings; name = en; path = en.lproj/InfoPlist.strings; sourceTree = "<group>"; };
		9C5661CD193C566000D9B9E9 /* main.m */ = {isa = PBXFileReference; lastKnownFileType = sourcecode.c.objc; path = main.m; sourceTree = "<group>"; };
		9C5661CF193C566000D9B9E9 /* ShipApp-Prefix.pch */ = {isa = PBXFileReference; lastKnownFileType = sourcecode.c.h; path = "ShipApp-Prefix.pch"; sourceTree = "<group>"; };
		9C5661D0193C566000D9B9E9 /* AppDelegate.h */ = {isa = PBXFileReference; lastKnownFileType = sourcecode.c.h; path = AppDelegate.h; sourceTree = "<group>"; };
		9C5661D1193C566000D9B9E9 /* AppDelegate.m */ = {isa = PBXFileReference; lastKnownFileType = sourcecode.c.objc; path = AppDelegate.m; sourceTree = "<group>"; };
		9C5661D4193C566000D9B9E9 /* Base */ = {isa = PBXFileReference; lastKnownFileType = file.storyboard; name = Base; path = Base.lproj/Main_iPhone.storyboard; sourceTree = "<group>"; };
		9C5661D7193C566000D9B9E9 /* Base */ = {isa = PBXFileReference; lastKnownFileType = file.storyboard; name = Base; path = Base.lproj/Main_iPad.storyboard; sourceTree = "<group>"; };
		9C5661D9193C566000D9B9E9 /* ViewController.h */ = {isa = PBXFileReference; lastKnownFileType = sourcecode.c.h; path = ViewController.h; sourceTree = "<group>"; };
		9C5661DA193C566000D9B9E9 /* ViewController.m */ = {isa = PBXFileReference; lastKnownFileType = sourcecode.c.objc; path = ViewController.m; sourceTree = "<group>"; };
		9C5661DC193C566000D9B9E9 /* Images.xcassets */ = {isa = PBXFileReference; lastKnownFileType = folder.assetcatalog; path = Images.xcassets; sourceTree = "<group>"; };
		9C5661E2193C566000D9B9E9 /* ShipAppTests.xctest */ = {isa = PBXFileReference; explicitFileType = wrapper.cfbundle; includeInIndex = 0; path = ShipAppTests.xctest; sourceTree = BUILT_PRODUCTS_DIR; };
		9C5661E3193C566000D9B9E9 /* XCTest.framework */ = {isa = PBXFileReference; lastKnownFileType = wrapper.framework; name = XCTest.framework; path = Library/Frameworks/XCTest.framework; sourceTree = DEVELOPER_DIR; };
		9C5661EB193C566000D9B9E9 /* ShipAppTests-Info.plist */ = {isa = PBXFileReference; lastKnownFileType = text.plist.xml; path = "ShipAppTests-Info.plist"; sourceTree = "<group>"; };
		9C5661ED193C566000D9B9E9 /* en */ = {isa = PBXFileReference; lastKnownFileType = text.plist.strings; name = en; path = en.lproj/InfoPlist.strings; sourceTree = "<group>"; };
		9C5661EF193C566000D9B9E9 /* ShipAppTests.m */ = {isa = PBXFileReference; lastKnownFileType = sourcecode.c.objc; path = ShipAppTests.m; sourceTree = "<group>"; };
		9C5661F9193C56F700D9B9E9 /* MapKit.framework */ = {isa = PBXFileReference; lastKnownFileType = wrapper.framework; name = MapKit.framework; path = System/Library/Frameworks/MapKit.framework; sourceTree = SDKROOT; };
		9C69619E1949718D00D9FA25 /* SearchViewController.h */ = {isa = PBXFileReference; fileEncoding = 4; lastKnownFileType = sourcecode.c.h; path = SearchViewController.h; sourceTree = "<group>"; };
		9C69619F1949718D00D9FA25 /* SearchViewController.m */ = {isa = PBXFileReference; fileEncoding = 4; lastKnownFileType = sourcecode.c.objc; path = SearchViewController.m; sourceTree = "<group>"; };
		9C6961A7194ABF4700D9FA25 /* MenuViewController.h */ = {isa = PBXFileReference; fileEncoding = 4; lastKnownFileType = sourcecode.c.h; path = MenuViewController.h; sourceTree = "<group>"; };
		9C6961A8194ABF4700D9FA25 /* MenuViewController.m */ = {isa = PBXFileReference; fileEncoding = 4; lastKnownFileType = sourcecode.c.objc; path = MenuViewController.m; sourceTree = "<group>"; };
		9C6961AA194B0AE900D9FA25 /* ship_icon_000.png */ = {isa = PBXFileReference; lastKnownFileType = image.png; path = ship_icon_000.png; sourceTree = "<group>"; };
		9C6961AB194B0AE900D9FA25 /* ship_icon_152.png */ = {isa = PBXFileReference; lastKnownFileType = image.png; path = ship_icon_152.png; sourceTree = "<group>"; };
		9C75099D19A4FF5300BFBA3B /* MeshChart.txt */ = {isa = PBXFileReference; fileEncoding = 4; lastKnownFileType = text; path = MeshChart.txt; sourceTree = "<group>"; };
		9C75099F19A5004900BFBA3B /* MarineChart.txt */ = {isa = PBXFileReference; fileEncoding = 4; lastKnownFileType = text; path = MarineChart.txt; sourceTree = "<group>"; };
		9C7509A119A5036800BFBA3B /* FishingNets.txt */ = {isa = PBXFileReference; fileEncoding = 4; lastKnownFileType = text; path = FishingNets.txt; sourceTree = "<group>"; };
		9C7509A319A5038000BFBA3B /* boat.txt */ = {isa = PBXFileReference; fileEncoding = 4; lastKnownFileType = text; path = boat.txt; sourceTree = "<group>"; };
		9CA5621319582E4700149793 /* ShipSummaryViewController.h */ = {isa = PBXFileReference; fileEncoding = 4; lastKnownFileType = sourcecode.c.h; path = ShipSummaryViewController.h; sourceTree = "<group>"; };
		9CA5621419582E4700149793 /* ShipSummaryViewController.m */ = {isa = PBXFileReference; fileEncoding = 4; lastKnownFileType = sourcecode.c.objc; path = ShipSummaryViewController.m; sourceTree = "<group>"; };
		9CA7EDB81957E9A500B81CA6 /* ships_json.txt */ = {isa = PBXFileReference; fileEncoding = 4; lastKnownFileType = text; path = ships_json.txt; sourceTree = "<group>"; };
		9CA7EDBA1957EB9600B81CA6 /* sample_json.txt */ = {isa = PBXFileReference; fileEncoding = 4; lastKnownFileType = text; path = sample_json.txt; sourceTree = "<group>"; };
		9CA7EDBC195801FB00B81CA6 /* shipss_json.txt */ = {isa = PBXFileReference; fileEncoding = 4; lastKnownFileType = text; path = shipss_json.txt; sourceTree = "<group>"; };
/* End PBXFileReference section */

/* Begin PBXFrameworksBuildPhase section */
		9C5661BB193C566000D9B9E9 /* Frameworks */ = {
			isa = PBXFrameworksBuildPhase;
			buildActionMask = 2147483647;
			files = (
				9C5661FA193C56F700D9B9E9 /* MapKit.framework in Frameworks */,
				9C5661C4193C566000D9B9E9 /* CoreGraphics.framework in Frameworks */,
				9C5661C6193C566000D9B9E9 /* UIKit.framework in Frameworks */,
				9C5661C2193C566000D9B9E9 /* Foundation.framework in Frameworks */,
			);
			runOnlyForDeploymentPostprocessing = 0;
		};
		9C5661DF193C566000D9B9E9 /* Frameworks */ = {
			isa = PBXFrameworksBuildPhase;
			buildActionMask = 2147483647;
			files = (
				9C5661E4193C566000D9B9E9 /* XCTest.framework in Frameworks */,
				9C5661E6193C566000D9B9E9 /* UIKit.framework in Frameworks */,
				9C5661E5193C566000D9B9E9 /* Foundation.framework in Frameworks */,
			);
			runOnlyForDeploymentPostprocessing = 0;
		};
/* End PBXFrameworksBuildPhase section */

/* Begin PBXGroup section */
		9C5661B5193C566000D9B9E9 = {
			isa = PBXGroup;
			children = (
				9C5661C7193C566000D9B9E9 /* ShipApp */,
				9C5661E9193C566000D9B9E9 /* ShipAppTests */,
				9C5661C0193C566000D9B9E9 /* Frameworks */,
				9C5661BF193C566000D9B9E9 /* Products */,
			);
			sourceTree = "<group>";
		};
		9C5661BF193C566000D9B9E9 /* Products */ = {
			isa = PBXGroup;
			children = (
				9C5661BE193C566000D9B9E9 /* ShipApp.app */,
				9C5661E2193C566000D9B9E9 /* ShipAppTests.xctest */,
			);
			name = Products;
			sourceTree = "<group>";
		};
		9C5661C0193C566000D9B9E9 /* Frameworks */ = {
			isa = PBXGroup;
			children = (
				9C5661F9193C56F700D9B9E9 /* MapKit.framework */,
				9C5661C1193C566000D9B9E9 /* Foundation.framework */,
				9C5661C3193C566000D9B9E9 /* CoreGraphics.framework */,
				9C5661C5193C566000D9B9E9 /* UIKit.framework */,
				9C5661E3193C566000D9B9E9 /* XCTest.framework */,
			);
			name = Frameworks;
			sourceTree = "<group>";
		};
		9C5661C7193C566000D9B9E9 /* ShipApp */ = {
			isa = PBXGroup;
			children = (
				9C6961AA194B0AE900D9FA25 /* ship_icon_000.png */,
				9C6961AB194B0AE900D9FA25 /* ship_icon_152.png */,
				9C5661D0193C566000D9B9E9 /* AppDelegate.h */,
				9C5661D1193C566000D9B9E9 /* AppDelegate.m */,
				9C5661D3193C566000D9B9E9 /* Main_iPhone.storyboard */,
				9C5661D6193C566000D9B9E9 /* Main_iPad.storyboard */,
				9C5661D9193C566000D9B9E9 /* ViewController.h */,
				9C5661DA193C566000D9B9E9 /* ViewController.m */,
				9C5661DC193C566000D9B9E9 /* Images.xcassets */,
				9C5661C8193C566000D9B9E9 /* Supporting Files */,
				9C69619E1949718D00D9FA25 /* SearchViewController.h */,
				9C69619F1949718D00D9FA25 /* SearchViewController.m */,
				9C6961A7194ABF4700D9FA25 /* MenuViewController.h */,
				9C6961A8194ABF4700D9FA25 /* MenuViewController.m */,
				9CA7EDB81957E9A500B81CA6 /* ships_json.txt */,
				9CA7EDBA1957EB9600B81CA6 /* sample_json.txt */,
				9CA7EDBC195801FB00B81CA6 /* shipss_json.txt */,
				9CA5621319582E4700149793 /* ShipSummaryViewController.h */,
				9CA5621419582E4700149793 /* ShipSummaryViewController.m */,
				9C75099D19A4FF5300BFBA3B /* MeshChart.txt */,
				9C75099F19A5004900BFBA3B /* MarineChart.txt */,
				9C7509A119A5036800BFBA3B /* FishingNets.txt */,
				9C7509A319A5038000BFBA3B /* boat.txt */,
			);
			path = ShipApp;
			sourceTree = "<group>";
		};
		9C5661C8193C566000D9B9E9 /* Supporting Files */ = {
			isa = PBXGroup;
			children = (
				9C5661C9193C566000D9B9E9 /* ShipApp-Info.plist */,
				9C5661CA193C566000D9B9E9 /* InfoPlist.strings */,
				9C5661CD193C566000D9B9E9 /* main.m */,
				9C5661CF193C566000D9B9E9 /* ShipApp-Prefix.pch */,
			);
			name = "Supporting Files";
			sourceTree = "<group>";
		};
		9C5661E9193C566000D9B9E9 /* ShipAppTests */ = {
			isa = PBXGroup;
			children = (
				9C5661EF193C566000D9B9E9 /* ShipAppTests.m */,
				9C5661EA193C566000D9B9E9 /* Supporting Files */,
			);
			path = ShipAppTests;
			sourceTree = "<group>";
		};
		9C5661EA193C566000D9B9E9 /* Supporting Files */ = {
			isa = PBXGroup;
			children = (
				9C5661EB193C566000D9B9E9 /* ShipAppTests-Info.plist */,
				9C5661EC193C566000D9B9E9 /* InfoPlist.strings */,
			);
			name = "Supporting Files";
			sourceTree = "<group>";
		};
/* End PBXGroup section */

/* Begin PBXNativeTarget section */
		9C5661BD193C566000D9B9E9 /* ShipApp */ = {
			isa = PBXNativeTarget;
			buildConfigurationList = 9C5661F3193C566000D9B9E9 /* Build configuration list for PBXNativeTarget "ShipApp" */;
			buildPhases = (
				9C5661BA193C566000D9B9E9 /* Sources */,
				9C5661BB193C566000D9B9E9 /* Frameworks */,
				9C5661BC193C566000D9B9E9 /* Resources */,
			);
			buildRules = (
			);
			dependencies = (
			);
			name = ShipApp;
			productName = ShipApp;
			productReference = 9C5661BE193C566000D9B9E9 /* ShipApp.app */;
			productType = "com.apple.product-type.application";
		};
		9C5661E1193C566000D9B9E9 /* ShipAppTests */ = {
			isa = PBXNativeTarget;
			buildConfigurationList = 9C5661F6193C566000D9B9E9 /* Build configuration list for PBXNativeTarget "ShipAppTests" */;
			buildPhases = (
				9C5661DE193C566000D9B9E9 /* Sources */,
				9C5661DF193C566000D9B9E9 /* Frameworks */,
				9C5661E0193C566000D9B9E9 /* Resources */,
			);
			buildRules = (
			);
			dependencies = (
				9C5661E8193C566000D9B9E9 /* PBXTargetDependency */,
			);
			name = ShipAppTests;
			productName = ShipAppTests;
			productReference = 9C5661E2193C566000D9B9E9 /* ShipAppTests.xctest */;
			productType = "com.apple.product-type.bundle.unit-test";
		};
/* End PBXNativeTarget section */

/* Begin PBXProject section */
		9C5661B6193C566000D9B9E9 /* Project object */ = {
			isa = PBXProject;
			attributes = {
				LastUpgradeCheck = 0510;
				ORGANIZATIONNAME = FutureUniversityHakodate;
				TargetAttributes = {
					9C5661E1193C566000D9B9E9 = {
						TestTargetID = 9C5661BD193C566000D9B9E9;
					};
				};
			};
			buildConfigurationList = 9C5661B9193C566000D9B9E9 /* Build configuration list for PBXProject "ShipApp" */;
			compatibilityVersion = "Xcode 3.2";
			developmentRegion = English;
			hasScannedForEncodings = 0;
			knownRegions = (
				en,
				Base,
			);
			mainGroup = 9C5661B5193C566000D9B9E9;
			productRefGroup = 9C5661BF193C566000D9B9E9 /* Products */;
			projectDirPath = "";
			projectRoot = "";
			targets = (
				9C5661BD193C566000D9B9E9 /* ShipApp */,
				9C5661E1193C566000D9B9E9 /* ShipAppTests */,
			);
		};
/* End PBXProject section */

/* Begin PBXResourcesBuildPhase section */
		9C5661BC193C566000D9B9E9 /* Resources */ = {
			isa = PBXResourcesBuildPhase;
			buildActionMask = 2147483647;
			files = (
				9C7509A019A5004900BFBA3B /* MarineChart.txt in Resources */,
				9CA7EDBB1957EB9600B81CA6 /* sample_json.txt in Resources */,
				9C5661D8193C566000D9B9E9 /* Main_iPad.storyboard in Resources */,
				9C7509A219A5036800BFBA3B /* FishingNets.txt in Resources */,
				9C7509A419A5038000BFBA3B /* boat.txt in Resources */,
				9C6961AD194B0AE900D9FA25 /* ship_icon_152.png in Resources */,
				9CA7EDB91957E9A500B81CA6 /* ships_json.txt in Resources */,
				9C6961AC194B0AE900D9FA25 /* ship_icon_000.png in Resources */,
				9C5661DD193C566000D9B9E9 /* Images.xcassets in Resources */,
				9CA7EDBD195801FB00B81CA6 /* shipss_json.txt in Resources */,
				9C5661D5193C566000D9B9E9 /* Main_iPhone.storyboard in Resources */,
				9C75099E19A4FF5300BFBA3B /* MeshChart.txt in Resources */,
				9C5661CC193C566000D9B9E9 /* InfoPlist.strings in Resources */,
			);
			runOnlyForDeploymentPostprocessing = 0;
		};
		9C5661E0193C566000D9B9E9 /* Resources */ = {
			isa = PBXResourcesBuildPhase;
			buildActionMask = 2147483647;
			files = (
				9C5661EE193C566000D9B9E9 /* InfoPlist.strings in Resources */,
			);
			runOnlyForDeploymentPostprocessing = 0;
		};
/* End PBXResourcesBuildPhase section */

/* Begin PBXSourcesBuildPhase section */
		9C5661BA193C566000D9B9E9 /* Sources */ = {
			isa = PBXSourcesBuildPhase;
			buildActionMask = 2147483647;
			files = (
				9C5661DB193C566000D9B9E9 /* ViewController.m in Sources */,
				9CA5621519582E4700149793 /* ShipSummaryViewController.m in Sources */,
				9C6961A9194ABF4700D9FA25 /* MenuViewController.m in Sources */,
				9C5661D2193C566000D9B9E9 /* AppDelegate.m in Sources */,
				9C6961A01949718D00D9FA25 /* SearchViewController.m in Sources */,
				9C5661CE193C566000D9B9E9 /* main.m in Sources */,
			);
			runOnlyForDeploymentPostprocessing = 0;
		};
		9C5661DE193C566000D9B9E9 /* Sources */ = {
			isa = PBXSourcesBuildPhase;
			buildActionMask = 2147483647;
			files = (
				9C5661F0193C566000D9B9E9 /* ShipAppTests.m in Sources */,
			);
			runOnlyForDeploymentPostprocessing = 0;
		};
/* End PBXSourcesBuildPhase section */

/* Begin PBXTargetDependency section */
		9C5661E8193C566000D9B9E9 /* PBXTargetDependency */ = {
			isa = PBXTargetDependency;
			target = 9C5661BD193C566000D9B9E9 /* ShipApp */;
			targetProxy = 9C5661E7193C566000D9B9E9 /* PBXContainerItemProxy */;
		};
/* End PBXTargetDependency section */

/* Begin PBXVariantGroup section */
		9C5661CA193C566000D9B9E9 /* InfoPlist.strings */ = {
			isa = PBXVariantGroup;
			children = (
				9C5661CB193C566000D9B9E9 /* en */,
			);
			name = InfoPlist.strings;
			sourceTree = "<group>";
		};
		9C5661D3193C566000D9B9E9 /* Main_iPhone.storyboard */ = {
			isa = PBXVariantGroup;
			children = (
				9C5661D4193C566000D9B9E9 /* Base */,
			);
			name = Main_iPhone.storyboard;
			sourceTree = "<group>";
			usesTabs = 0;
		};
		9C5661D6193C566000D9B9E9 /* Main_iPad.storyboard */ = {
			isa = PBXVariantGroup;
			children = (
				9C5661D7193C566000D9B9E9 /* Base */,
			);
			name = Main_iPad.storyboard;
			sourceTree = "<group>";
		};
		9C5661EC193C566000D9B9E9 /* InfoPlist.strings */ = {
			isa = PBXVariantGroup;
			children = (
				9C5661ED193C566000D9B9E9 /* en */,
			);
			name = InfoPlist.strings;
			sourceTree = "<group>";
		};
/* End PBXVariantGroup section */

/* Begin XCBuildConfiguration section */
		9C5661F1193C566000D9B9E9 /* Debug */ = {
			isa = XCBuildConfiguration;
			buildSettings = {
				ALWAYS_SEARCH_USER_PATHS = NO;
				CLANG_CXX_LANGUAGE_STANDARD = "gnu++0x";
				CLANG_CXX_LIBRARY = "libc++";
				CLANG_ENABLE_MODULES = YES;
				CLANG_ENABLE_OBJC_ARC = YES;
				CLANG_WARN_BOOL_CONVERSION = YES;
				CLANG_WARN_CONSTANT_CONVERSION = YES;
				CLANG_WARN_DIRECT_OBJC_ISA_USAGE = YES_ERROR;
				CLANG_WARN_EMPTY_BODY = YES;
				CLANG_WARN_ENUM_CONVERSION = YES;
				CLANG_WARN_INT_CONVERSION = YES;
				CLANG_WARN_OBJC_ROOT_CLASS = YES_ERROR;
				CLANG_WARN__DUPLICATE_METHOD_MATCH = YES;
				"CODE_SIGN_IDENTITY[sdk=iphoneos*]" = "iPhone Developer";
				COPY_PHASE_STRIP = NO;
				GCC_C_LANGUAGE_STANDARD = gnu99;
				GCC_DYNAMIC_NO_PIC = NO;
				GCC_OPTIMIZATION_LEVEL = 0;
				GCC_PREPROCESSOR_DEFINITIONS = (
					"DEBUG=1",
					"$(inherited)",
				);
				GCC_SYMBOLS_PRIVATE_EXTERN = NO;
				GCC_WARN_64_TO_32_BIT_CONVERSION = YES;
				GCC_WARN_ABOUT_RETURN_TYPE = YES_ERROR;
				GCC_WARN_UNDECLARED_SELECTOR = YES;
				GCC_WARN_UNINITIALIZED_AUTOS = YES_AGGRESSIVE;
				GCC_WARN_UNUSED_FUNCTION = YES;
				GCC_WARN_UNUSED_VARIABLE = YES;
				IPHONEOS_DEPLOYMENT_TARGET = 7.1;
				ONLY_ACTIVE_ARCH = YES;
				SDKROOT = iphoneos;
				TARGETED_DEVICE_FAMILY = "1,2";
			};
			name = Debug;
		};
		9C5661F2193C566000D9B9E9 /* Release */ = {
			isa = XCBuildConfiguration;
			buildSettings = {
				ALWAYS_SEARCH_USER_PATHS = NO;
				CLANG_CXX_LANGUAGE_STANDARD = "gnu++0x";
				CLANG_CXX_LIBRARY = "libc++";
				CLANG_ENABLE_MODULES = YES;
				CLANG_ENABLE_OBJC_ARC = YES;
				CLANG_WARN_BOOL_CONVERSION = YES;
				CLANG_WARN_CONSTANT_CONVERSION = YES;
				CLANG_WARN_DIRECT_OBJC_ISA_USAGE = YES_ERROR;
				CLANG_WARN_EMPTY_BODY = YES;
				CLANG_WARN_ENUM_CONVERSION = YES;
				CLANG_WARN_INT_CONVERSION = YES;
				CLANG_WARN_OBJC_ROOT_CLASS = YES_ERROR;
				CLANG_WARN__DUPLICATE_METHOD_MATCH = YES;
				"CODE_SIGN_IDENTITY[sdk=iphoneos*]" = "iPhone Developer";
				COPY_PHASE_STRIP = YES;
				ENABLE_NS_ASSERTIONS = NO;
				GCC_C_LANGUAGE_STANDARD = gnu99;
				GCC_WARN_64_TO_32_BIT_CONVERSION = YES;
				GCC_WARN_ABOUT_RETURN_TYPE = YES_ERROR;
				GCC_WARN_UNDECLARED_SELECTOR = YES;
				GCC_WARN_UNINITIALIZED_AUTOS = YES_AGGRESSIVE;
				GCC_WARN_UNUSED_FUNCTION = YES;
				GCC_WARN_UNUSED_VARIABLE = YES;
				IPHONEOS_DEPLOYMENT_TARGET = 7.1;
				SDKROOT = iphoneos;
				TARGETED_DEVICE_FAMILY = "1,2";
				VALIDATE_PRODUCT = YES;
			};
			name = Release;
		};
		9C5661F4193C566000D9B9E9 /* Debug */ = {
			isa = XCBuildConfiguration;
			buildSettings = {
				ASSETCATALOG_COMPILER_APPICON_NAME = AppIcon;
				ASSETCATALOG_COMPILER_LAUNCHIMAGE_NAME = LaunchImage;
				GCC_PRECOMPILE_PREFIX_HEADER = YES;
				GCC_PREFIX_HEADER = "ShipApp/ShipApp-Prefix.pch";
				INFOPLIST_FILE = "ShipApp/ShipApp-Info.plist";
				IPHONEOS_DEPLOYMENT_TARGET = 7.1;
				PRODUCT_NAME = "$(TARGET_NAME)";
				WRAPPER_EXTENSION = app;
			};
			name = Debug;
		};
		9C5661F5193C566000D9B9E9 /* Release */ = {
			isa = XCBuildConfiguration;
			buildSettings = {
				ASSETCATALOG_COMPILER_APPICON_NAME = AppIcon;
				ASSETCATALOG_COMPILER_LAUNCHIMAGE_NAME = LaunchImage;
				GCC_PRECOMPILE_PREFIX_HEADER = YES;
				GCC_PREFIX_HEADER = "ShipApp/ShipApp-Prefix.pch";
				INFOPLIST_FILE = "ShipApp/ShipApp-Info.plist";
				IPHONEOS_DEPLOYMENT_TARGET = 7.1;
				PRODUCT_NAME = "$(TARGET_NAME)";
				WRAPPER_EXTENSION = app;
			};
			name = Release;
		};
		9C5661F7193C566000D9B9E9 /* Debug */ = {
			isa = XCBuildConfiguration;
			buildSettings = {
				BUNDLE_LOADER = "$(BUILT_PRODUCTS_DIR)/ShipApp.app/ShipApp";
				FRAMEWORK_SEARCH_PATHS = (
					"$(SDKROOT)/Developer/Library/Frameworks",
					"$(inherited)",
					"$(DEVELOPER_FRAMEWORKS_DIR)",
				);
				GCC_PRECOMPILE_PREFIX_HEADER = YES;
				GCC_PREFIX_HEADER = "ShipApp/ShipApp-Prefix.pch";
				GCC_PREPROCESSOR_DEFINITIONS = (
					"DEBUG=1",
					"$(inherited)",
				);
				INFOPLIST_FILE = "ShipAppTests/ShipAppTests-Info.plist";
				PRODUCT_NAME = "$(TARGET_NAME)";
				TEST_HOST = "$(BUNDLE_LOADER)";
				WRAPPER_EXTENSION = xctest;
			};
			name = Debug;
		};
		9C5661F8193C566000D9B9E9 /* Release */ = {
			isa = XCBuildConfiguration;
			buildSettings = {
				BUNDLE_LOADER = "$(BUILT_PRODUCTS_DIR)/ShipApp.app/ShipApp";
				FRAMEWORK_SEARCH_PATHS = (
					"$(SDKROOT)/Developer/Library/Frameworks",
					"$(inherited)",
					"$(DEVELOPER_FRAMEWORKS_DIR)",
				);
				GCC_PRECOMPILE_PREFIX_HEADER = YES;
				GCC_PREFIX_HEADER = "ShipApp/ShipApp-Prefix.pch";
				INFOPLIST_FILE = "ShipAppTests/ShipAppTests-Info.plist";
				PRODUCT_NAME = "$(TARGET_NAME)";
				TEST_HOST = "$(BUNDLE_LOADER)";
				WRAPPER_EXTENSION = xctest;
			};
			name = Release;
		};
/* End XCBuildConfiguration section */

/* Begin XCConfigurationList section */
		9C5661B9193C566000D9B9E9 /* Build configuration list for PBXProject "ShipApp" */ = {
			isa = XCConfigurationList;
			buildConfigurations = (
				9C5661F1193C566000D9B9E9 /* Debug */,
				9C5661F2193C566000D9B9E9 /* Release */,
			);
			defaultConfigurationIsVisible = 0;
			defaultConfigurationName = Release;
		};
		9C5661F3193C566000D9B9E9 /* Build configuration list for PBXNativeTarget "ShipApp" */ = {
			isa = XCConfigurationList;
			buildConfigurations = (
				9C5661F4193C566000D9B9E9 /* Debug */,
				9C5661F5193C566000D9B9E9 /* Release */,
			);
			defaultConfigurationIsVisible = 0;
			defaultConfigurationName = Release;
		};
		9C5661F6193C566000D9B9E9 /* Build configuration list for PBXNativeTarget "ShipAppTests" */ = {
			isa = XCConfigurationList;
			buildConfigurations = (
				9C5661F7193C566000D9B9E9 /* Debug */,
				9C5661F8193C566000D9B9E9 /* Release */,
			);
			defaultConfigurationIsVisible = 0;
			defaultConfigurationName = Release;
		};
/* End XCConfigurationList section */
	};
	rootObject = 9C5661B6193C566000D9B9E9 /* Project object */;
}
